
Microsoft Visual Studio Solution File, Format Version 12.00
# Visual Studio 15
VisualStudioVersion = 15.0.28010.2003
MinimumVisualStudioVersion = 10.0.40219.1
Project("{FAE04EC0-301F-11D3-BF4B-00C04F79EFBC}") = "ThreadingUpdateUI", "ThreadingUpdateUI\ThreadingUpdateUI.csproj", "{E7290C42-05F7-47DD-B7A3-4B80DD92591D}"
EndProject
Global
	GlobalSection(SolutionConfigurationPlatforms) = preSolution
		Debug|Any CPU = Debug|Any CPU
		Release|Any CPU = Release|Any CPU
	EndGlobalSection
	GlobalSection(ProjectConfigurationPlatforms) = postSolution
		{E7290C42-05F7-47DD-B7A3-4B80DD92591D}.Debug|Any CPU.ActiveCfg = Debug|Any CPU
		{E7290C42-05F7-47DD-B7A3-4B80DD92591D}.Debug|Any CPU.Build.0 = Debug|Any CPU
		{E7290C42-05F7-47DD-B7A3-4B80DD92591D}.Release|Any CPU.ActiveCfg = Release|Any CPU
		{E7290C42-05F7-47DD-B7A3-4B80DD92591D}.Release|Any CPU.Build.0 = Release|Any CPU
	EndGlobalSection
	GlobalSection(SolutionProperties) = preSolution
		HideSolutionNode = FALSE
	EndGlobalSection
	GlobalSection(ExtensibilityGlobals) = postSolution
		SolutionGuid = {E9EF526B-E573-4C73-8E09-857B54EC14ED}
	EndGlobalSection
EndGlobal
